
Microsoft Visual Studio Solution File, Format Version 12.00
# Visual Studio Version 16
VisualStudioVersion = 16.0.31112.23
MinimumVisualStudioVersion = 10.0.40219.1
Project("{FAE04EC0-301F-11D3-BF4B-00C04F79EFBC}") = "Entidades", "Entidades\Entidades.csproj", "{9E570D98-FE27-4E4F-BA42-8E56268BF8F3}"
EndProject
Project("{9A19103F-16F7-4668-BE54-9A1E7A4F7556}") = "FormBiblioteca", "FormBiblioteca\FormBiblioteca.csproj", "{8C0118DE-D81D-40C1-B5E4-9F17F59FC233}"
EndProject
Global
	GlobalSection(SolutionConfigurationPlatforms) = preSolution
		Debug|Any CPU = Debug|Any CPU
		Release|Any CPU = Release|Any CPU
	EndGlobalSection
	GlobalSection(ProjectConfigurationPlatforms) = postSolution
		{9E570D98-FE27-4E4F-BA42-8E56268BF8F3}.Debug|Any CPU.ActiveCfg = Debug|Any CPU
		{9E570D98-FE27-4E4F-BA42-8E56268BF8F3}.Debug|Any CPU.Build.0 = Debug|Any CPU
		{9E570D98-FE27-4E4F-BA42-8E56268BF8F3}.Release|Any CPU.ActiveCfg = Release|Any CPU
		{9E570D98-FE27-4E4F-BA42-8E56268BF8F3}.Release|Any CPU.Build.0 = Release|Any CPU
		{8C0118DE-D81D-40C1-B5E4-9F17F59FC233}.Debug|Any CPU.ActiveCfg = Debug|Any CPU
		{8C0118DE-D81D-40C1-B5E4-9F17F59FC233}.Debug|Any CPU.Build.0 = Debug|Any CPU
		{8C0118DE-D81D-40C1-B5E4-9F17F59FC233}.Release|Any CPU.ActiveCfg = Release|Any CPU
		{8C0118DE-D81D-40C1-B5E4-9F17F59FC233}.Release|Any CPU.Build.0 = Release|Any CPU
	EndGlobalSection
	GlobalSection(SolutionProperties) = preSolution
		HideSolutionNode = FALSE
	EndGlobalSection
	GlobalSection(ExtensibilityGlobals) = postSolution
		SolutionGuid = {C88A82EC-FCA8-4647-A130-BA0C3140C0E9}
	EndGlobalSection
EndGlobal
